
Microsoft Visual Studio Solution File, Format Version 12.00
# Visual Studio Version 17
VisualStudioVersion = 17.8.34309.116
MinimumVisualStudioVersion = 10.0.40219.1
Project("{FAE04EC0-301F-11D3-BF4B-00C04F79EFBC}") = "fnPostDataStorage", "fnPostDataStorage\fnPostDataStorage.csproj", "{B25FA7D1-D270-4FF9-BA86-55CDB912B67E}"
EndProject
Global
	GlobalSection(SolutionConfigurationPlatforms) = preSolution
		Debug|Any CPU = Debug|Any CPU
		Release|Any CPU = Release|Any CPU
	EndGlobalSection
	GlobalSection(ProjectConfigurationPlatforms) = postSolution
		{B25FA7D1-D270-4FF9-BA86-55CDB912B67E}.Debug|Any CPU.ActiveCfg = Debug|Any CPU
		{B25FA7D1-D270-4FF9-BA86-55CDB912B67E}.Debug|Any CPU.Build.0 = Debug|Any CPU
		{B25FA7D1-D270-4FF9-BA86-55CDB912B67E}.Release|Any CPU.ActiveCfg = Release|Any CPU
		{B25FA7D1-D270-4FF9-BA86-55CDB912B67E}.Release|Any CPU.Build.0 = Release|Any CPU
	EndGlobalSection
	GlobalSection(SolutionProperties) = preSolution
		HideSolutionNode = FALSE
	EndGlobalSection
	GlobalSection(ExtensibilityGlobals) = postSolution
		SolutionGuid = {019392BB-9347-416E-AB4B-9A9E74475CB7}
	EndGlobalSection
EndGlobal
